<?xml version="1.0" encoding="utf-8"?>
<Project ToolsVersion="4.0" xmlns="http://schemas.microsoft.com/developer/msbuild/2003">
  <ItemGroup>
    <Filter Include="Файлы исходного кода">
      <UniqueIdentifier>{4FC737F1-C7A5-4376-A066-2A32D752A2FF}</UniqueIdentifier>
      <Extensions>cpp;c;cc;cxx;def;odl;idl;hpj;bat;asm;asmx</Extensions>
    </Filter>
    <Filter Include="Заголовочные файлы">
      <UniqueIdentifier>{93995380-89BD-4b04-88EB-625FBE52EBFB}</UniqueIdentifier>
      <Extensions>h;hpp;hxx;hm;inl;inc;xsd</Extensions>
    </Filter>
    <Filter Include="Файлы исходного кода\Ядро бд">
      <UniqueIdentifier>{6ee76f86-6c43-42f5-955c-9498aafc9a39}</UniqueIdentifier>
    </Filter>
    <Filter Include="Локали">
      <UniqueIdentifier>{67DA6AB6-F800-4c08-8B7A-83BB121AAD01}</UniqueIdentifier>
      <Extensions>rc;ico;cur;bmp;dlg;rc2;rct;bin;rgs;gif;jpg;jpeg;jpe;resx;tiff;tif;png;wav;mfcribbon-ms</Extensions>
    </Filter>
    <Filter Include="Файлы исходного кода\Парсер текстовых таблиц">
      <UniqueIdentifier>{73fe9df0-b5b4-4dc7-963f-11c6ccfddbc0}</UniqueIdentifier>
    </Filter>
    <Filter Include="Графическое API">
      <UniqueIdentifier>{6a1522f4-fbc8-40a8-a8c1-19b7ed3684cc}</UniqueIdentifier>
    </Filter>
  </ItemGroup>
  <ItemGroup>
    <Text Include="ReadMe.txt" />
  </ItemGroup>
  <ItemGroup>
    <ClInclude Include="stdafx.h">
      <Filter>Заголовочные файлы</Filter>
    </ClInclude>
    <ClInclude Include="targetver.h">
      <Filter>Заголовочные файлы</Filter>
    </ClInclude>
    <ClInclude Include="tickCounter.h">
      <Filter>Заголовочные файлы</Filter>
    </ClInclude>
    <ClInclude Include="cpp.h">
      <Filter>Файлы исходного кода</Filter>
    </ClInclude>
    <ClInclude Include="dbrecord.h">
      <Filter>Файлы исходного кода\Ядро бд</Filter>
    </ClInclude>
    <ClInclude Include="rulbits.h">
      <Filter>Файлы исходного кода\Ядро бд</Filter>
    </ClInclude>
    <ClInclude Include="vkmeta.h">
      <Filter>Файлы исходного кода\Ядро бд</Filter>
    </ClInclude>
    <ClInclude Include="dtime.h">
      <Filter>Файлы исходного кода\Ядро бд</Filter>
    </ClInclude>
    <ClInclude Include="rem.h">
      <Filter>Файлы исходного кода\Ядро бд</Filter>
    </ClInclude>
    <ClInclude Include="flags.h">
      <Filter>Файлы исходного кода\Ядро бд</Filter>
    </ClInclude>
    <ClInclude Include="baselocale.h">
      <Filter>Локали</Filter>
    </ClInclude>
    <ClInclude Include="gui_api\bridge.h">
      <Filter>Графическое API</Filter>
    </ClInclude>
    <ClInclude Include="gui_api\gui.h">
      <Filter>Графическое API</Filter>
    </ClInclude>
    <ClInclude Include="gui_api\menu.h">
      <Filter>Графическое API</Filter>
    </ClInclude>
  </ItemGroup>
  <ItemGroup>
    <ClCompile Include="cpp.cpp">
      <Filter>Файлы исходного кода</Filter>
    </ClCompile>
    <ClCompile Include="utils\msoftcon.cpp">
      <Filter>Файлы исходного кода</Filter>
    </ClCompile>
    <ClCompile Include="utils\tickCounter.cpp">
      <Filter>Файлы исходного кода</Filter>
    </ClCompile>
    <ClCompile Include="utils\VERYLONG.CPP">
      <Filter>Файлы исходного кода</Filter>
    </ClCompile>
    <ClCompile Include="gui_api\bridge.cpp">
      <Filter>Графическое API</Filter>
    </ClCompile>
    <ClCompile Include="gui_api\menu.cpp">
      <Filter>Графическое API</Filter>
    </ClCompile>
    <ClCompile Include="core\dbrecord.cpp">
      <Filter>Файлы исходного кода\Ядро бд</Filter>
    </ClCompile>
    <ClCompile Include="core\dtime.cpp">
      <Filter>Файлы исходного кода\Ядро бд</Filter>
    </ClCompile>
    <ClCompile Include="core\flags.cpp">
      <Filter>Файлы исходного кода\Ядро бд</Filter>
    </ClCompile>
    <ClCompile Include="core\rem.cpp">
      <Filter>Файлы исходного кода\Ядро бд</Filter>
    </ClCompile>
    <ClCompile Include="core\rulbits.cpp">
      <Filter>Файлы исходного кода\Ядро бд</Filter>
    </ClCompile>
    <ClCompile Include="core\vkmeta.cpp">
      <Filter>Файлы исходного кода\Ядро бд</Filter>
    </ClCompile>
    <ClCompile Include="gui_api\gui.cpp">
      <Filter>Графическое API</Filter>
    </ClCompile>
  </ItemGroup>
  <ItemGroup>
    <None Include="EN_us.loc">
      <Filter>Локали</Filter>
    </None>
    <None Include="FR_fr.loc">
      <Filter>Локали</Filter>
    </None>
    <None Include="RU_ru.loc">
      <Filter>Локали</Filter>
    </None>
    <None Include="UA_uk.loc">
      <Filter>Локали</Filter>
    </None>
    <None Include="DE_gr.loc">
      <Filter>Локали</Filter>
    </None>
    <None Include="Locales\locales.ini">
      <Filter>Локали</Filter>
    </None>
  </ItemGroup>
</Project>